
Microsoft Visual Studio Solution File, Format Version 12.00
# Visual Studio Version 17
VisualStudioVersion = 17.4.33205.214
MinimumVisualStudioVersion = 10.0.40219.1
Project("{9A19103F-16F7-4668-BE54-9A1E7A4F7556}") = "MilitariaPytanieRekrutacyjne2", "MilitariaPytanieRekrutacyjne2\MilitariaPytanieRekrutacyjne2.csproj", "{D6600CAD-1372-4BB6-B265-822A8F048ECE}"
EndProject
Global
	GlobalSection(SolutionConfigurationPlatforms) = preSolution
		Debug|Any CPU = Debug|Any CPU
		Release|Any CPU = Release|Any CPU
	EndGlobalSection
	GlobalSection(ProjectConfigurationPlatforms) = postSolution
		{D6600CAD-1372-4BB6-B265-822A8F048ECE}.Debug|Any CPU.ActiveCfg = Debug|Any CPU
		{D6600CAD-1372-4BB6-B265-822A8F048ECE}.Debug|Any CPU.Build.0 = Debug|Any CPU
		{D6600CAD-1372-4BB6-B265-822A8F048ECE}.Release|Any CPU.ActiveCfg = Release|Any CPU
		{D6600CAD-1372-4BB6-B265-822A8F048ECE}.Release|Any CPU.Build.0 = Release|Any CPU
	EndGlobalSection
	GlobalSection(SolutionProperties) = preSolution
		HideSolutionNode = FALSE
	EndGlobalSection
	GlobalSection(ExtensibilityGlobals) = postSolution
		SolutionGuid = {3C0F5959-C23B-406F-A2A7-9E1BBCBCE2D6}
	EndGlobalSection
EndGlobal
